
Microsoft Visual Studio Solution File, Format Version 12.00
# Visual Studio Version 17
VisualStudioVersion = 17.0.32112.339
MinimumVisualStudioVersion = 10.0.40219.1
Project("{9A19103F-16F7-4668-BE54-9A1E7A4F7556}") = "GM", "GM.csproj", "{27130C93-2072-4D6F-B3E3-CEBE032E22D7}"
EndProject
Project("{9A19103F-16F7-4668-BE54-9A1E7A4F7556}") = "Grams", "..\Grams\Grams.csproj", "{162CD70D-49B1-4CAE-853C-9127C7669720}"
EndProject
Project("{FAE04EC0-301F-11D3-BF4B-00C04F79EFBC}") = "Grams.Tests", "..\Grams.Tests\Grams.Tests.csproj", "{5AD9AC57-6309-40CF-9A19-32EAEF2D36FA}"
EndProject
Global
	GlobalSection(SolutionConfigurationPlatforms) = preSolution
		Debug|Any CPU = Debug|Any CPU
		Release|Any CPU = Release|Any CPU
	EndGlobalSection
	GlobalSection(ProjectConfigurationPlatforms) = postSolution
		{27130C93-2072-4D6F-B3E3-CEBE032E22D7}.Debug|Any CPU.ActiveCfg = Debug|Any CPU
		{27130C93-2072-4D6F-B3E3-CEBE032E22D7}.Debug|Any CPU.Build.0 = Debug|Any CPU
		{27130C93-2072-4D6F-B3E3-CEBE032E22D7}.Release|Any CPU.ActiveCfg = Release|Any CPU
		{27130C93-2072-4D6F-B3E3-CEBE032E22D7}.Release|Any CPU.Build.0 = Release|Any CPU
		{162CD70D-49B1-4CAE-853C-9127C7669720}.Debug|Any CPU.ActiveCfg = Debug|Any CPU
		{162CD70D-49B1-4CAE-853C-9127C7669720}.Debug|Any CPU.Build.0 = Debug|Any CPU
		{162CD70D-49B1-4CAE-853C-9127C7669720}.Release|Any CPU.ActiveCfg = Release|Any CPU
		{162CD70D-49B1-4CAE-853C-9127C7669720}.Release|Any CPU.Build.0 = Release|Any CPU
		{5AD9AC57-6309-40CF-9A19-32EAEF2D36FA}.Debug|Any CPU.ActiveCfg = Debug|Any CPU
		{5AD9AC57-6309-40CF-9A19-32EAEF2D36FA}.Debug|Any CPU.Build.0 = Debug|Any CPU
		{5AD9AC57-6309-40CF-9A19-32EAEF2D36FA}.Release|Any CPU.ActiveCfg = Release|Any CPU
		{5AD9AC57-6309-40CF-9A19-32EAEF2D36FA}.Release|Any CPU.Build.0 = Release|Any CPU
	EndGlobalSection
	GlobalSection(SolutionProperties) = preSolution
		HideSolutionNode = FALSE
	EndGlobalSection
	GlobalSection(ExtensibilityGlobals) = postSolution
		SolutionGuid = {771027AC-7682-4EA9-A43D-F4C3028F1E85}
	EndGlobalSection
EndGlobal
